
Microsoft Visual Studio Solution File, Format Version 12.00
# Visual Studio Version 16
VisualStudioVersion = 16.0.31205.134
MinimumVisualStudioVersion = 10.0.40219.1
Project("{FAE04EC0-301F-11D3-BF4B-00C04F79EFBC}") = "Talent_Onboarding", "Talent_Onboarding\Talent_Onboarding.csproj", "{DEEA3B0B-F8FB-4467-85FD-E1CBB5F961A7}"
EndProject
Global
	GlobalSection(SolutionConfigurationPlatforms) = preSolution
		Debug|Any CPU = Debug|Any CPU
		Release|Any CPU = Release|Any CPU
	EndGlobalSection
	GlobalSection(ProjectConfigurationPlatforms) = postSolution
		{DEEA3B0B-F8FB-4467-85FD-E1CBB5F961A7}.Debug|Any CPU.ActiveCfg = Debug|Any CPU
		{DEEA3B0B-F8FB-4467-85FD-E1CBB5F961A7}.Debug|Any CPU.Build.0 = Debug|Any CPU
		{DEEA3B0B-F8FB-4467-85FD-E1CBB5F961A7}.Release|Any CPU.ActiveCfg = Release|Any CPU
		{DEEA3B0B-F8FB-4467-85FD-E1CBB5F961A7}.Release|Any CPU.Build.0 = Release|Any CPU
	EndGlobalSection
	GlobalSection(SolutionProperties) = preSolution
		HideSolutionNode = FALSE
	EndGlobalSection
	GlobalSection(ExtensibilityGlobals) = postSolution
		SolutionGuid = {3F520E6B-406A-4C50-8819-AA32DABC3149}
	EndGlobalSection
EndGlobal
